
Microsoft Visual Studio Solution File, Format Version 12.00
# Visual Studio Version 16
VisualStudioVersion = 16.0.31729.503
MinimumVisualStudioVersion = 10.0.40219.1
Project("{FAE04EC0-301F-11D3-BF4B-00C04F79EFBC}") = "Core", "Core\Core.csproj", "{F1059F74-BAAC-472B-AB60-970BAE8A5A38}"
EndProject
Project("{FAE04EC0-301F-11D3-BF4B-00C04F79EFBC}") = "Infrastructure", "Infrastructure\Infrastructure.csproj", "{FBC710C3-5DB6-4EB4-BF05-560FF52BAB89}"
EndProject
Project("{FAE04EC0-301F-11D3-BF4B-00C04F79EFBC}") = "Web", "Web\Web.csproj", "{639BD619-B0FF-4DF8-BB02-878D7209C4D2}"
EndProject
Global
	GlobalSection(SolutionConfigurationPlatforms) = preSolution
		Debug|Any CPU = Debug|Any CPU
		Release|Any CPU = Release|Any CPU
	EndGlobalSection
	GlobalSection(ProjectConfigurationPlatforms) = postSolution
		{F1059F74-BAAC-472B-AB60-970BAE8A5A38}.Debug|Any CPU.ActiveCfg = Debug|Any CPU
		{F1059F74-BAAC-472B-AB60-970BAE8A5A38}.Debug|Any CPU.Build.0 = Debug|Any CPU
		{F1059F74-BAAC-472B-AB60-970BAE8A5A38}.Release|Any CPU.ActiveCfg = Release|Any CPU
		{F1059F74-BAAC-472B-AB60-970BAE8A5A38}.Release|Any CPU.Build.0 = Release|Any CPU
		{FBC710C3-5DB6-4EB4-BF05-560FF52BAB89}.Debug|Any CPU.ActiveCfg = Debug|Any CPU
		{FBC710C3-5DB6-4EB4-BF05-560FF52BAB89}.Debug|Any CPU.Build.0 = Debug|Any CPU
		{FBC710C3-5DB6-4EB4-BF05-560FF52BAB89}.Release|Any CPU.ActiveCfg = Release|Any CPU
		{FBC710C3-5DB6-4EB4-BF05-560FF52BAB89}.Release|Any CPU.Build.0 = Release|Any CPU
		{639BD619-B0FF-4DF8-BB02-878D7209C4D2}.Debug|Any CPU.ActiveCfg = Debug|Any CPU
		{639BD619-B0FF-4DF8-BB02-878D7209C4D2}.Debug|Any CPU.Build.0 = Debug|Any CPU
		{639BD619-B0FF-4DF8-BB02-878D7209C4D2}.Release|Any CPU.ActiveCfg = Release|Any CPU
		{639BD619-B0FF-4DF8-BB02-878D7209C4D2}.Release|Any CPU.Build.0 = Release|Any CPU
	EndGlobalSection
	GlobalSection(SolutionProperties) = preSolution
		HideSolutionNode = FALSE
	EndGlobalSection
	GlobalSection(ExtensibilityGlobals) = postSolution
		SolutionGuid = {55FB4FB9-A056-479C-B1E5-CFFE72DCCDB6}
	EndGlobalSection
EndGlobal
